// !$*UTF8*$!
{
	archiveVersion = 1;
	classes = {
	};
	objectVersion = 50;
	objects = {

/* Begin PBXBuildFile section */
		7DB820E1A76D7B1ED6652D6F /* Pods_XXXX.framework in Frameworks */ = {isa = PBXBuildFile; fileRef = BDAC82984E125E74570A9C3D /* Pods_XXXX.framework */; };
		868C85D4226567F4009321E5 /* AppDelegate.m in Sources */ = {isa = PBXBuildFile; fileRef = 868C85D3226567F4009321E5 /* AppDelegate.m */; };
		868C85D7226567F4009321E5 /* ViewController.m in Sources */ = {isa = PBXBuildFile; fileRef = 868C85D6226567F4009321E5 /* ViewController.m */; };
		868C85DC226567F6009321E5 /* Assets.xcassets in Resources */ = {isa = PBXBuildFile; fileRef = 868C85DB226567F6009321E5 /* Assets.xcassets */; };
		868C85DF226567F6009321E5 /* LaunchScreen.storyboard in Resources */ = {isa = PBXBuildFile; fileRef = 868C85DD226567F6009321E5 /* LaunchScreen.storyboard */; };
		868C85E2226567F6009321E5 /* main.m in Sources */ = {isa = PBXBuildFile; fileRef = 868C85E1226567F6009321E5 /* main.m */; };
		868C85EC226567F6009321E5 /* XXXXTests.m in Sources */ = {isa = PBXBuildFile; fileRef = 868C85EB226567F6009321E5 /* XXXXTests.m */; };
		868C85F7226567F6009321E5 /* XXXXUITests.m in Sources */ = {isa = PBXBuildFile; fileRef = 868C85F6226567F6009321E5 /* XXXXUITests.m */; };
		868C861D2268484E009321E5 /* AppOnLaunchService.m in Sources */ = {isa = PBXBuildFile; fileRef = 868C861C2268484E009321E5 /* AppOnLaunchService.m */; };
/* End PBXBuildFile section */

/* Begin PBXContainerItemProxy section */
		868C85E8226567F6009321E5 /* PBXContainerItemProxy */ = {
			isa = PBXContainerItemProxy;
			containerPortal = 868C85C7226567F4009321E5 /* Project object */;
			proxyType = 1;
			remoteGlobalIDString = 868C85CE226567F4009321E5;
			remoteInfo = XXXX;
		};
		868C85F3226567F6009321E5 /* PBXContainerItemProxy */ = {
			isa = PBXContainerItemProxy;
			containerPortal = 868C85C7226567F4009321E5 /* Project object */;
			proxyType = 1;
			remoteGlobalIDString = 868C85CE226567F4009321E5;
			remoteInfo = XXXX;
		};
/* End PBXContainerItemProxy section */

/* Begin PBXFileReference section */
		369615D0BBD65786F691E45A /* Pods-XXXX.debug.xcconfig */ = {isa = PBXFileReference; includeInIndex = 1; lastKnownFileType = text.xcconfig; name = "Pods-XXXX.debug.xcconfig"; path = "Pods/Target Support Files/Pods-XXXX/Pods-XXXX.debug.xcconfig"; sourceTree = "<group>"; };
		868C85CF226567F4009321E5 /* XXXX.app */ = {isa = PBXFileReference; explicitFileType = wrapper.application; includeInIndex = 0; path = XXXX.app; sourceTree = BUILT_PRODUCTS_DIR; };
		868C85D2226567F4009321E5 /* AppDelegate.h */ = {isa = PBXFileReference; lastKnownFileType = sourcecode.c.h; path = AppDelegate.h; sourceTree = "<group>"; };
		868C85D3226567F4009321E5 /* AppDelegate.m */ = {isa = PBXFileReference; lastKnownFileType = sourcecode.c.objc; path = AppDelegate.m; sourceTree = "<group>"; };
		868C85D5226567F4009321E5 /* ViewController.h */ = {isa = PBXFileReference; lastKnownFileType = sourcecode.c.h; path = ViewController.h; sourceTree = "<group>"; };
		868C85D6226567F4009321E5 /* ViewController.m */ = {isa = PBXFileReference; lastKnownFileType = sourcecode.c.objc; path = ViewController.m; sourceTree = "<group>"; };
		868C85DB226567F6009321E5 /* Assets.xcassets */ = {isa = PBXFileReference; lastKnownFileType = folder.assetcatalog; path = Assets.xcassets; sourceTree = "<group>"; };
		868C85DE226567F6009321E5 /* Base */ = {isa = PBXFileReference; lastKnownFileType = file.storyboard; name = Base; path = Base.lproj/LaunchScreen.storyboard; sourceTree = "<group>"; };
		868C85E0226567F6009321E5 /* Info.plist */ = {isa = PBXFileReference; lastKnownFileType = text.plist.xml; path = Info.plist; sourceTree = "<group>"; };
		868C85E1226567F6009321E5 /* main.m */ = {isa = PBXFileReference; lastKnownFileType = sourcecode.c.objc; path = main.m; sourceTree = "<group>"; };
		868C85E7226567F6009321E5 /* XXXXTests.xctest */ = {isa = PBXFileReference; explicitFileType = wrapper.cfbundle; includeInIndex = 0; path = XXXXTests.xctest; sourceTree = BUILT_PRODUCTS_DIR; };
		868C85EB226567F6009321E5 /* XXXXTests.m */ = {isa = PBXFileReference; lastKnownFileType = sourcecode.c.objc; path = XXXXTests.m; sourceTree = "<group>"; };
		868C85ED226567F6009321E5 /* Info.plist */ = {isa = PBXFileReference; lastKnownFileType = text.plist.xml; path = Info.plist; sourceTree = "<group>"; };
		868C85F2226567F6009321E5 /* XXXXUITests.xctest */ = {isa = PBXFileReference; explicitFileType = wrapper.cfbundle; includeInIndex = 0; path = XXXXUITests.xctest; sourceTree = BUILT_PRODUCTS_DIR; };
		868C85F6226567F6009321E5 /* XXXXUITests.m */ = {isa = PBXFileReference; lastKnownFileType = sourcecode.c.objc; path = XXXXUITests.m; sourceTree = "<group>"; };
		868C85F8226567F6009321E5 /* Info.plist */ = {isa = PBXFileReference; lastKnownFileType = text.plist.xml; path = Info.plist; sourceTree = "<group>"; };
		868C8618226825CE009321E5 /* app-Prefix.pch */ = {isa = PBXFileReference; fileEncoding = 4; lastKnownFileType = sourcecode.c.h; path = "app-Prefix.pch"; sourceTree = "<group>"; };
		868C861B2268484E009321E5 /* AppOnLaunchService.h */ = {isa = PBXFileReference; lastKnownFileType = sourcecode.c.h; path = AppOnLaunchService.h; sourceTree = "<group>"; };
		868C861C2268484E009321E5 /* AppOnLaunchService.m */ = {isa = PBXFileReference; lastKnownFileType = sourcecode.c.objc; path = AppOnLaunchService.m; sourceTree = "<group>"; };
		AD964A87B55D3FD09B4CAADB /* Pods-XXXX.release.xcconfig */ = {isa = PBXFileReference; includeInIndex = 1; lastKnownFileType = text.xcconfig; name = "Pods-XXXX.release.xcconfig"; path = "Pods/Target Support Files/Pods-XXXX/Pods-XXXX.release.xcconfig"; sourceTree = "<group>"; };
		BDAC82984E125E74570A9C3D /* Pods_XXXX.framework */ = {isa = PBXFileReference; explicitFileType = wrapper.framework; includeInIndex = 0; path = Pods_XXXX.framework; sourceTree = BUILT_PRODUCTS_DIR; };
/* End PBXFileReference section */

/* Begin PBXFrameworksBuildPhase section */
		868C85CC226567F4009321E5 /* Frameworks */ = {
			isa = PBXFrameworksBuildPhase;
			buildActionMask = 2147483647;
			files = (
				7DB820E1A76D7B1ED6652D6F /* Pods_XXXX.framework in Frameworks */,
			);
			runOnlyForDeploymentPostprocessing = 0;
		};
		868C85E4226567F6009321E5 /* Frameworks */ = {
			isa = PBXFrameworksBuildPhase;
			buildActionMask = 2147483647;
			files = (
			);
			runOnlyForDeploymentPostprocessing = 0;
		};
		868C85EF226567F6009321E5 /* Frameworks */ = {
			isa = PBXFrameworksBuildPhase;
			buildActionMask = 2147483647;
			files = (
			);
			runOnlyForDeploymentPostprocessing = 0;
		};
/* End PBXFrameworksBuildPhase section */

/* Begin PBXGroup section */
		868C85C6226567F4009321E5 = {
			isa = PBXGroup;
			children = (
				868C85D1226567F4009321E5 /* XXXX */,
				868C85EA226567F6009321E5 /* XXXXTests */,
				868C85F5226567F6009321E5 /* XXXXUITests */,
				868C85D0226567F4009321E5 /* Products */,
				B9EFF55FA3B1CFEFE943B17B /* Pods */,
				D83C802D742BCDB90ED2327A /* Frameworks */,
			);
			sourceTree = "<group>";
		};
		868C85D0226567F4009321E5 /* Products */ = {
			isa = PBXGroup;
			children = (
				868C85CF226567F4009321E5 /* XXXX.app */,
				868C85E7226567F6009321E5 /* XXXXTests.xctest */,
				868C85F2226567F6009321E5 /* XXXXUITests.xctest */,
			);
			name = Products;
			sourceTree = "<group>";
		};
		868C85D1226567F4009321E5 /* XXXX */ = {
			isa = PBXGroup;
			children = (
				868C8605226568BD009321E5 /* Src */,
				868C8604226568A0009321E5 /* Resources */,
				868C861922682608009321E5 /* Supportings */,
			);
			path = XXXX;
			sourceTree = "<group>";
		};
		868C85EA226567F6009321E5 /* XXXXTests */ = {
			isa = PBXGroup;
			children = (
				868C85EB226567F6009321E5 /* XXXXTests.m */,
				868C85ED226567F6009321E5 /* Info.plist */,
			);
			path = XXXXTests;
			sourceTree = "<group>";
		};
		868C85F5226567F6009321E5 /* XXXXUITests */ = {
			isa = PBXGroup;
			children = (
				868C85F6226567F6009321E5 /* XXXXUITests.m */,
				868C85F8226567F6009321E5 /* Info.plist */,
			);
			path = XXXXUITests;
			sourceTree = "<group>";
		};
		868C8604226568A0009321E5 /* Resources */ = {
			isa = PBXGroup;
			children = (
				868C85DB226567F6009321E5 /* Assets.xcassets */,
				868C85DD226567F6009321E5 /* LaunchScreen.storyboard */,
			);
			path = Resources;
			sourceTree = "<group>";
		};
		868C8605226568BD009321E5 /* Src */ = {
			isa = PBXGroup;
			children = (
				868C86072265A717009321E5 /* AppBase */,
				868C86062265A717009321E5 /* AppCore */,
				868C86082265A717009321E5 /* Modules */,
			);
			path = Src;
			sourceTree = "<group>";
		};
		868C86062265A717009321E5 /* AppCore */ = {
			isa = PBXGroup;
			children = (
				868C861A22684810009321E5 /* AppService */,
			);
			path = AppCore;
			sourceTree = "<group>";
		};
		868C86072265A717009321E5 /* AppBase */ = {
			isa = PBXGroup;
			children = (
				868C86092265A758009321E5 /* BaseComponent */,
			);
			path = AppBase;
			sourceTree = "<group>";
		};
		868C86082265A717009321E5 /* Modules */ = {
			isa = PBXGroup;
			children = (
			);
			path = Modules;
			sourceTree = "<group>";
		};
		868C86092265A758009321E5 /* BaseComponent */ = {
			isa = PBXGroup;
			children = (
				868C85D2226567F4009321E5 /* AppDelegate.h */,
				868C85D3226567F4009321E5 /* AppDelegate.m */,
				868C85D5226567F4009321E5 /* ViewController.h */,
				868C85D6226567F4009321E5 /* ViewController.m */,
			);
			path = BaseComponent;
			sourceTree = "<group>";
		};
		868C861922682608009321E5 /* Supportings */ = {
			isa = PBXGroup;
			children = (
				868C85E0226567F6009321E5 /* Info.plist */,
				868C8618226825CE009321E5 /* app-Prefix.pch */,
				868C85E1226567F6009321E5 /* main.m */,
			);
			path = Supportings;
			sourceTree = "<group>";
		};
		868C861A22684810009321E5 /* AppService */ = {
			isa = PBXGroup;
			children = (
				868C861B2268484E009321E5 /* AppOnLaunchService.h */,
				868C861C2268484E009321E5 /* AppOnLaunchService.m */,
			);
			path = AppService;
			sourceTree = "<group>";
		};
		B9EFF55FA3B1CFEFE943B17B /* Pods */ = {
			isa = PBXGroup;
			children = (
				369615D0BBD65786F691E45A /* Pods-XXXX.debug.xcconfig */,
				AD964A87B55D3FD09B4CAADB /* Pods-XXXX.release.xcconfig */,
			);
			name = Pods;
			sourceTree = "<group>";
		};
		D83C802D742BCDB90ED2327A /* Frameworks */ = {
			isa = PBXGroup;
			children = (
				BDAC82984E125E74570A9C3D /* Pods_XXXX.framework */,
			);
			name = Frameworks;
			sourceTree = "<group>";
		};
/* End PBXGroup section */

/* Begin PBXNativeTarget section */
		868C85CE226567F4009321E5 /* XXXX */ = {
			isa = PBXNativeTarget;
			buildConfigurationList = 868C85FB226567F6009321E5 /* Build configuration list for PBXNativeTarget "XXXX" */;
			buildPhases = (
				280EFC9D98BB99A85908105F /* [CP] Check Pods Manifest.lock */,
				868C85CB226567F4009321E5 /* Sources */,
				868C85CC226567F4009321E5 /* Frameworks */,
				868C85CD226567F4009321E5 /* Resources */,
				D72D6DADEF81DA97F46DAD09 /* [CP] Embed Pods Frameworks */,
			);
			buildRules = (
			);
			dependencies = (
			);
			name = XXXX;
			productName = XXXX;
			productReference = 868C85CF226567F4009321E5 /* XXXX.app */;
			productType = "com.apple.product-type.application";
		};
		868C85E6226567F6009321E5 /* XXXXTests */ = {
			isa = PBXNativeTarget;
			buildConfigurationList = 868C85FE226567F6009321E5 /* Build configuration list for PBXNativeTarget "XXXXTests" */;
			buildPhases = (
				868C85E3226567F6009321E5 /* Sources */,
				868C85E4226567F6009321E5 /* Frameworks */,
				868C85E5226567F6009321E5 /* Resources */,
			);
			buildRules = (
			);
			dependencies = (
				868C85E9226567F6009321E5 /* PBXTargetDependency */,
			);
			name = XXXXTests;
			productName = XXXXTests;
			productReference = 868C85E7226567F6009321E5 /* XXXXTests.xctest */;
			productType = "com.apple.product-type.bundle.unit-test";
		};
		868C85F1226567F6009321E5 /* XXXXUITests */ = {
			isa = PBXNativeTarget;
			buildConfigurationList = 868C8601226567F6009321E5 /* Build configuration list for PBXNativeTarget "XXXXUITests" */;
			buildPhases = (
				868C85EE226567F6009321E5 /* Sources */,
				868C85EF226567F6009321E5 /* Frameworks */,
				868C85F0226567F6009321E5 /* Resources */,
			);
			buildRules = (
			);
			dependencies = (
				868C85F4226567F6009321E5 /* PBXTargetDependency */,
			);
			name = XXXXUITests;
			productName = XXXXUITests;
			productReference = 868C85F2226567F6009321E5 /* XXXXUITests.xctest */;
			productType = "com.apple.product-type.bundle.ui-testing";
		};
/* End PBXNativeTarget section */

/* Begin PBXProject section */
		868C85C7226567F4009321E5 /* Project object */ = {
			isa = PBXProject;
			attributes = {
				LastUpgradeCheck = 1010;
				ORGANIZATIONNAME = YYYY;
				TargetAttributes = {
					868C85CE226567F4009321E5 = {
						CreatedOnToolsVersion = 10.1;
					};
					868C85E6226567F6009321E5 = {
						CreatedOnToolsVersion = 10.1;
						TestTargetID = 868C85CE226567F4009321E5;
					};
					868C85F1226567F6009321E5 = {
						CreatedOnToolsVersion = 10.1;
						TestTargetID = 868C85CE226567F4009321E5;
					};
				};
			};
			buildConfigurationList = 868C85CA226567F4009321E5 /* Build configuration list for PBXProject "XXXX" */;
			compatibilityVersion = "Xcode 9.3";
			developmentRegion = en;
			hasScannedForEncodings = 0;
			knownRegions = (
				en,
				Base,
			);
			mainGroup = 868C85C6226567F4009321E5;
			productRefGroup = 868C85D0226567F4009321E5 /* Products */;
			projectDirPath = "";
			projectRoot = "";
			targets = (
				868C85CE226567F4009321E5 /* XXXX */,
				868C85E6226567F6009321E5 /* XXXXTests */,
				868C85F1226567F6009321E5 /* XXXXUITests */,
			);
		};
/* End PBXProject section */

/* Begin PBXResourcesBuildPhase section */
		868C85CD226567F4009321E5 /* Resources */ = {
			isa = PBXResourcesBuildPhase;
			buildActionMask = 2147483647;
			files = (
				868C85DF226567F6009321E5 /* LaunchScreen.storyboard in Resources */,
				868C85DC226567F6009321E5 /* Assets.xcassets in Resources */,
			);
			runOnlyForDeploymentPostprocessing = 0;
		};
		868C85E5226567F6009321E5 /* Resources */ = {
			isa = PBXResourcesBuildPhase;
			buildActionMask = 2147483647;
			files = (
			);
			runOnlyForDeploymentPostprocessing = 0;
		};
		868C85F0226567F6009321E5 /* Resources */ = {
			isa = PBXResourcesBuildPhase;
			buildActionMask = 2147483647;
			files = (
			);
			runOnlyForDeploymentPostprocessing = 0;
		};
/* End PBXResourcesBuildPhase section */

/* Begin PBXShellScriptBuildPhase section */
		280EFC9D98BB99A85908105F /* [CP] Check Pods Manifest.lock */ = {
			isa = PBXShellScriptBuildPhase;
			buildActionMask = 2147483647;
			files = (
			);
			inputFileListPaths = (
			);
			inputPaths = (
				"${PODS_PODFILE_DIR_PATH}/Podfile.lock",
				"${PODS_ROOT}/Manifest.lock",
			);
			name = "[CP] Check Pods Manifest.lock";
			outputFileListPaths = (
			);
			outputPaths = (
				"$(DERIVED_FILE_DIR)/Pods-XXXX-checkManifestLockResult.txt",
			);
			runOnlyForDeploymentPostprocessing = 0;
			shellPath = /bin/sh;
			shellScript = "diff \"${PODS_PODFILE_DIR_PATH}/Podfile.lock\" \"${PODS_ROOT}/Manifest.lock\" > /dev/null\nif [ $? != 0 ] ; then\n    # print error to STDERR\n    echo \"error: The sandbox is not in sync with the Podfile.lock. Run 'pod install' or update your CocoaPods installation.\" >&2\n    exit 1\nfi\n# This output is used by Xcode 'outputs' to avoid re-running this script phase.\necho \"SUCCESS\" > \"${SCRIPT_OUTPUT_FILE_0}\"\n";
			showEnvVarsInLog = 0;
		};
		D72D6DADEF81DA97F46DAD09 /* [CP] Embed Pods Frameworks */ = {
			isa = PBXShellScriptBuildPhase;
			buildActionMask = 2147483647;
			files = (
			);
			inputFileListPaths = (
			);
			inputPaths = (
				"${SRCROOT}/Pods/Target Support Files/Pods-XXXX/Pods-XXXX-frameworks.sh",
				"${BUILT_PRODUCTS_DIR}/AFNetworking/AFNetworking.framework",
				"${BUILT_PRODUCTS_DIR}/AirBase/AirBase.framework",
				"${BUILT_PRODUCTS_DIR}/AirRequest/AirRequest.framework",
				"${BUILT_PRODUCTS_DIR}/AirRequestAFImpl/AirRequestAFImpl.framework",
				"${BUILT_PRODUCTS_DIR}/ZZCBase/ZZCBase.framework",
				"${BUILT_PRODUCTS_DIR}/ZZCRequest/ZZCRequest.framework",
			);
			name = "[CP] Embed Pods Frameworks";
			outputFileListPaths = (
			);
			outputPaths = (
				"${TARGET_BUILD_DIR}/${FRAMEWORKS_FOLDER_PATH}/AFNetworking.framework",
				"${TARGET_BUILD_DIR}/${FRAMEWORKS_FOLDER_PATH}/AirBase.framework",
				"${TARGET_BUILD_DIR}/${FRAMEWORKS_FOLDER_PATH}/AirRequest.framework",
				"${TARGET_BUILD_DIR}/${FRAMEWORKS_FOLDER_PATH}/AirRequestAFImpl.framework",
				"${TARGET_BUILD_DIR}/${FRAMEWORKS_FOLDER_PATH}/ZZCBase.framework",
				"${TARGET_BUILD_DIR}/${FRAMEWORKS_FOLDER_PATH}/ZZCRequest.framework",
			);
			runOnlyForDeploymentPostprocessing = 0;
			shellPath = /bin/sh;
			shellScript = "\"${SRCROOT}/Pods/Target Support Files/Pods-XXXX/Pods-XXXX-frameworks.sh\"\n";
			showEnvVarsInLog = 0;
		};
/* End PBXShellScriptBuildPhase section */

/* Begin PBXSourcesBuildPhase section */
		868C85CB226567F4009321E5 /* Sources */ = {
			isa = PBXSourcesBuildPhase;
			buildActionMask = 2147483647;
			files = (
				868C85D7226567F4009321E5 /* ViewController.m in Sources */,
				868C861D2268484E009321E5 /* AppOnLaunchService.m in Sources */,
				868C85E2226567F6009321E5 /* main.m in Sources */,
				868C85D4226567F4009321E5 /* AppDelegate.m in Sources */,
			);
			runOnlyForDeploymentPostprocessing = 0;
		};
		868C85E3226567F6009321E5 /* Sources */ = {
			isa = PBXSourcesBuildPhase;
			buildActionMask = 2147483647;
			files = (
				868C85EC226567F6009321E5 /* XXXXTests.m in Sources */,
			);
			runOnlyForDeploymentPostprocessing = 0;
		};
		868C85EE226567F6009321E5 /* Sources */ = {
			isa = PBXSourcesBuildPhase;
			buildActionMask = 2147483647;
			files = (
				868C85F7226567F6009321E5 /* XXXXUITests.m in Sources */,
			);
			runOnlyForDeploymentPostprocessing = 0;
		};
/* End PBXSourcesBuildPhase section */

/* Begin PBXTargetDependency section */
		868C85E9226567F6009321E5 /* PBXTargetDependency */ = {
			isa = PBXTargetDependency;
			target = 868C85CE226567F4009321E5 /* XXXX */;
			targetProxy = 868C85E8226567F6009321E5 /* PBXContainerItemProxy */;
		};
		868C85F4226567F6009321E5 /* PBXTargetDependency */ = {
			isa = PBXTargetDependency;
			target = 868C85CE226567F4009321E5 /* XXXX */;
			targetProxy = 868C85F3226567F6009321E5 /* PBXContainerItemProxy */;
		};
/* End PBXTargetDependency section */

/* Begin PBXVariantGroup section */
		868C85DD226567F6009321E5 /* LaunchScreen.storyboard */ = {
			isa = PBXVariantGroup;
			children = (
				868C85DE226567F6009321E5 /* Base */,
			);
			name = LaunchScreen.storyboard;
			sourceTree = "<group>";
		};
/* End PBXVariantGroup section */

/* Begin XCBuildConfiguration section */
		868C85F9226567F6009321E5 /* Debug */ = {
			isa = XCBuildConfiguration;
			buildSettings = {
				ALWAYS_SEARCH_USER_PATHS = NO;
				CLANG_ANALYZER_NONNULL = YES;
				CLANG_ANALYZER_NUMBER_OBJECT_CONVERSION = YES_AGGRESSIVE;
				CLANG_CXX_LANGUAGE_STANDARD = "gnu++14";
				CLANG_CXX_LIBRARY = "libc++";
				CLANG_ENABLE_MODULES = YES;
				CLANG_ENABLE_OBJC_ARC = YES;
				CLANG_ENABLE_OBJC_WEAK = YES;
				CLANG_WARN_BLOCK_CAPTURE_AUTORELEASING = YES;
				CLANG_WARN_BOOL_CONVERSION = YES;
				CLANG_WARN_COMMA = YES;
				CLANG_WARN_CONSTANT_CONVERSION = YES;
				CLANG_WARN_DEPRECATED_OBJC_IMPLEMENTATIONS = YES;
				CLANG_WARN_DIRECT_OBJC_ISA_USAGE = YES_ERROR;
				CLANG_WARN_DOCUMENTATION_COMMENTS = YES;
				CLANG_WARN_EMPTY_BODY = YES;
				CLANG_WARN_ENUM_CONVERSION = YES;
				CLANG_WARN_INFINITE_RECURSION = YES;
				CLANG_WARN_INT_CONVERSION = YES;
				CLANG_WARN_NON_LITERAL_NULL_CONVERSION = YES;
				CLANG_WARN_OBJC_IMPLICIT_RETAIN_SELF = YES;
				CLANG_WARN_OBJC_LITERAL_CONVERSION = YES;
				CLANG_WARN_OBJC_ROOT_CLASS = YES_ERROR;
				CLANG_WARN_RANGE_LOOP_ANALYSIS = YES;
				CLANG_WARN_STRICT_PROTOTYPES = YES;
				CLANG_WARN_SUSPICIOUS_MOVE = YES;
				CLANG_WARN_UNGUARDED_AVAILABILITY = YES_AGGRESSIVE;
				CLANG_WARN_UNREACHABLE_CODE = YES;
				CLANG_WARN__DUPLICATE_METHOD_MATCH = YES;
				CODE_SIGN_IDENTITY = "iPhone Developer";
				COPY_PHASE_STRIP = NO;
				DEBUG_INFORMATION_FORMAT = dwarf;
				ENABLE_STRICT_OBJC_MSGSEND = YES;
				ENABLE_TESTABILITY = YES;
				GCC_C_LANGUAGE_STANDARD = gnu11;
				GCC_DYNAMIC_NO_PIC = NO;
				GCC_NO_COMMON_BLOCKS = YES;
				GCC_OPTIMIZATION_LEVEL = 0;
				GCC_PREPROCESSOR_DEFINITIONS = (
					"DEBUG=1",
					"$(inherited)",
				);
				GCC_WARN_64_TO_32_BIT_CONVERSION = YES;
				GCC_WARN_ABOUT_RETURN_TYPE = YES_ERROR;
				GCC_WARN_UNDECLARED_SELECTOR = YES;
				GCC_WARN_UNINITIALIZED_AUTOS = YES_AGGRESSIVE;
				GCC_WARN_UNUSED_FUNCTION = YES;
				GCC_WARN_UNUSED_VARIABLE = YES;
				IPHONEOS_DEPLOYMENT_TARGET = 12.1;
				MTL_ENABLE_DEBUG_INFO = INCLUDE_SOURCE;
				MTL_FAST_MATH = YES;
				ONLY_ACTIVE_ARCH = YES;
				SDKROOT = iphoneos;
			};
			name = Debug;
		};
		868C85FA226567F6009321E5 /* Release */ = {
			isa = XCBuildConfiguration;
			buildSettings = {
				ALWAYS_SEARCH_USER_PATHS = NO;
				CLANG_ANALYZER_NONNULL = YES;
				CLANG_ANALYZER_NUMBER_OBJECT_CONVERSION = YES_AGGRESSIVE;
				CLANG_CXX_LANGUAGE_STANDARD = "gnu++14";
				CLANG_CXX_LIBRARY = "libc++";
				CLANG_ENABLE_MODULES = YES;
				CLANG_ENABLE_OBJC_ARC = YES;
				CLANG_ENABLE_OBJC_WEAK = YES;
				CLANG_WARN_BLOCK_CAPTURE_AUTORELEASING = YES;
				CLANG_WARN_BOOL_CONVERSION = YES;
				CLANG_WARN_COMMA = YES;
				CLANG_WARN_CONSTANT_CONVERSION = YES;
				CLANG_WARN_DEPRECATED_OBJC_IMPLEMENTATIONS = YES;
				CLANG_WARN_DIRECT_OBJC_ISA_USAGE = YES_ERROR;
				CLANG_WARN_DOCUMENTATION_COMMENTS = YES;
				CLANG_WARN_EMPTY_BODY = YES;
				CLANG_WARN_ENUM_CONVERSION = YES;
				CLANG_WARN_INFINITE_RECURSION = YES;
				CLANG_WARN_INT_CONVERSION = YES;
				CLANG_WARN_NON_LITERAL_NULL_CONVERSION = YES;
				CLANG_WARN_OBJC_IMPLICIT_RETAIN_SELF = YES;
				CLANG_WARN_OBJC_LITERAL_CONVERSION = YES;
				CLANG_WARN_OBJC_ROOT_CLASS = YES_ERROR;
				CLANG_WARN_RANGE_LOOP_ANALYSIS = YES;
				CLANG_WARN_STRICT_PROTOTYPES = YES;
				CLANG_WARN_SUSPICIOUS_MOVE = YES;
				CLANG_WARN_UNGUARDED_AVAILABILITY = YES_AGGRESSIVE;
				CLANG_WARN_UNREACHABLE_CODE = YES;
				CLANG_WARN__DUPLICATE_METHOD_MATCH = YES;
				CODE_SIGN_IDENTITY = "iPhone Developer";
				COPY_PHASE_STRIP = NO;
				DEBUG_INFORMATION_FORMAT = "dwarf-with-dsym";
				ENABLE_NS_ASSERTIONS = NO;
				ENABLE_STRICT_OBJC_MSGSEND = YES;
				GCC_C_LANGUAGE_STANDARD = gnu11;
				GCC_NO_COMMON_BLOCKS = YES;
				GCC_WARN_64_TO_32_BIT_CONVERSION = YES;
				GCC_WARN_ABOUT_RETURN_TYPE = YES_ERROR;
				GCC_WARN_UNDECLARED_SELECTOR = YES;
				GCC_WARN_UNINITIALIZED_AUTOS = YES_AGGRESSIVE;
				GCC_WARN_UNUSED_FUNCTION = YES;
				GCC_WARN_UNUSED_VARIABLE = YES;
				IPHONEOS_DEPLOYMENT_TARGET = 12.1;
				MTL_ENABLE_DEBUG_INFO = NO;
				MTL_FAST_MATH = YES;
				SDKROOT = iphoneos;
				VALIDATE_PRODUCT = YES;
			};
			name = Release;
		};
		868C85FC226567F6009321E5 /* Debug */ = {
			isa = XCBuildConfiguration;
			baseConfigurationReference = 369615D0BBD65786F691E45A /* Pods-XXXX.debug.xcconfig */;
			buildSettings = {
				ASSETCATALOG_COMPILER_APPICON_NAME = AppIcon;
				CODE_SIGN_STYLE = Automatic;
				GCC_PREFIX_HEADER = "$(PROJECT_DIR)/XXXX/Supportings/app-Prefix.pch";
				INFOPLIST_FILE = "$(SRCROOT)/XXXX/Supportings/Info.plist";
				IPHONEOS_DEPLOYMENT_TARGET = 9.0;
				LD_RUNPATH_SEARCH_PATHS = (
					"$(inherited)",
					"@executable_path/Frameworks",
				);
				PRODUCT_BUNDLE_IDENTIFIER = com.airone.xxxx.XXXX;
				PRODUCT_NAME = "$(TARGET_NAME)";
				TARGETED_DEVICE_FAMILY = "1,2";
			};
			name = Debug;
		};
		868C85FD226567F6009321E5 /* Release */ = {
			isa = XCBuildConfiguration;
			baseConfigurationReference = AD964A87B55D3FD09B4CAADB /* Pods-XXXX.release.xcconfig */;
			buildSettings = {
				ASSETCATALOG_COMPILER_APPICON_NAME = AppIcon;
				CODE_SIGN_STYLE = Automatic;
				GCC_PREFIX_HEADER = "$(PROJECT_DIR)/XXXX/Supportings/app-Prefix.pch";
				INFOPLIST_FILE = "$(SRCROOT)/XXXX/Supportings/Info.plist";
				IPHONEOS_DEPLOYMENT_TARGET = 9.0;
				LD_RUNPATH_SEARCH_PATHS = (
					"$(inherited)",
					"@executable_path/Frameworks",
				);
				PRODUCT_BUNDLE_IDENTIFIER = com.airone.xxxx.XXXX;
				PRODUCT_NAME = "$(TARGET_NAME)";
				TARGETED_DEVICE_FAMILY = "1,2";
			};
			name = Release;
		};
		868C85FF226567F6009321E5 /* Debug */ = {
			isa = XCBuildConfiguration;
			buildSettings = {
				BUNDLE_LOADER = "$(TEST_HOST)";
				CODE_SIGN_STYLE = Automatic;
				INFOPLIST_FILE = XXXXTests/Info.plist;
				LD_RUNPATH_SEARCH_PATHS = (
					"$(inherited)",
					"@executable_path/Frameworks",
					"@loader_path/Frameworks",
				);
				PRODUCT_BUNDLE_IDENTIFIER = com.airone.xxxx.XXXXTests;
				PRODUCT_NAME = "$(TARGET_NAME)";
				TARGETED_DEVICE_FAMILY = "1,2";
				TEST_HOST = "$(BUILT_PRODUCTS_DIR)/XXXX.app/XXXX";
			};
			name = Debug;
		};
		868C8600226567F6009321E5 /* Release */ = {
			isa = XCBuildConfiguration;
			buildSettings = {
				BUNDLE_LOADER = "$(TEST_HOST)";
				CODE_SIGN_STYLE = Automatic;
				INFOPLIST_FILE = XXXXTests/Info.plist;
				LD_RUNPATH_SEARCH_PATHS = (
					"$(inherited)",
					"@executable_path/Frameworks",
					"@loader_path/Frameworks",
				);
				PRODUCT_BUNDLE_IDENTIFIER = com.airone.xxxx.XXXXTests;
				PRODUCT_NAME = "$(TARGET_NAME)";
				TARGETED_DEVICE_FAMILY = "1,2";
				TEST_HOST = "$(BUILT_PRODUCTS_DIR)/XXXX.app/XXXX";
			};
			name = Release;
		};
		868C8602226567F6009321E5 /* Debug */ = {
			isa = XCBuildConfiguration;
			buildSettings = {
				CODE_SIGN_STYLE = Automatic;
				INFOPLIST_FILE = XXXXUITests/Info.plist;
				LD_RUNPATH_SEARCH_PATHS = (
					"$(inherited)",
					"@executable_path/Frameworks",
					"@loader_path/Frameworks",
				);
				PRODUCT_BUNDLE_IDENTIFIER = com.airone.xxxx.XXXXUITests;
				PRODUCT_NAME = "$(TARGET_NAME)";
				TARGETED_DEVICE_FAMILY = "1,2";
				TEST_TARGET_NAME = XXXX;
			};
			name = Debug;
		};
		868C8603226567F6009321E5 /* Release */ = {
			isa = XCBuildConfiguration;
			buildSettings = {
				CODE_SIGN_STYLE = Automatic;
				INFOPLIST_FILE = XXXXUITests/Info.plist;
				LD_RUNPATH_SEARCH_PATHS = (
					"$(inherited)",
					"@executable_path/Frameworks",
					"@loader_path/Frameworks",
				);
				PRODUCT_BUNDLE_IDENTIFIER = com.airone.xxxx.XXXXUITests;
				PRODUCT_NAME = "$(TARGET_NAME)";
				TARGETED_DEVICE_FAMILY = "1,2";
				TEST_TARGET_NAME = XXXX;
			};
			name = Release;
		};
/* End XCBuildConfiguration section */

/* Begin XCConfigurationList section */
		868C85CA226567F4009321E5 /* Build configuration list for PBXProject "XXXX" */ = {
			isa = XCConfigurationList;
			buildConfigurations = (
				868C85F9226567F6009321E5 /* Debug */,
				868C85FA226567F6009321E5 /* Release */,
			);
			defaultConfigurationIsVisible = 0;
			defaultConfigurationName = Release;
		};
		868C85FB226567F6009321E5 /* Build configuration list for PBXNativeTarget "XXXX" */ = {
			isa = XCConfigurationList;
			buildConfigurations = (
				868C85FC226567F6009321E5 /* Debug */,
				868C85FD226567F6009321E5 /* Release */,
			);
			defaultConfigurationIsVisible = 0;
			defaultConfigurationName = Release;
		};
		868C85FE226567F6009321E5 /* Build configuration list for PBXNativeTarget "XXXXTests" */ = {
			isa = XCConfigurationList;
			buildConfigurations = (
				868C85FF226567F6009321E5 /* Debug */,
				868C8600226567F6009321E5 /* Release */,
			);
			defaultConfigurationIsVisible = 0;
			defaultConfigurationName = Release;
		};
		868C8601226567F6009321E5 /* Build configuration list for PBXNativeTarget "XXXXUITests" */ = {
			isa = XCConfigurationList;
			buildConfigurations = (
				868C8602226567F6009321E5 /* Debug */,
				868C8603226567F6009321E5 /* Release */,
			);
			defaultConfigurationIsVisible = 0;
			defaultConfigurationName = Release;
		};
/* End XCConfigurationList section */
	};
	rootObject = 868C85C7226567F4009321E5 /* Project object */;
}
